
Microsoft Visual Studio Solution File, Format Version 12.00
# Visual Studio Version 16
VisualStudioVersion = 16.0.29613.14
MinimumVisualStudioVersion = 10.0.40219.1
Project("{FAE04EC0-301F-11D3-BF4B-00C04F79EFBC}") = "ContadordeNotas", "ContadordeNotas\ContadordeNotas.csproj", "{709C9A8A-5D4F-4152-9ACD-6430BF441FCB}"
EndProject
Global
	GlobalSection(SolutionConfigurationPlatforms) = preSolution
		Debug|Any CPU = Debug|Any CPU
		Release|Any CPU = Release|Any CPU
	EndGlobalSection
	GlobalSection(ProjectConfigurationPlatforms) = postSolution
		{709C9A8A-5D4F-4152-9ACD-6430BF441FCB}.Debug|Any CPU.ActiveCfg = Debug|Any CPU
		{709C9A8A-5D4F-4152-9ACD-6430BF441FCB}.Debug|Any CPU.Build.0 = Debug|Any CPU
		{709C9A8A-5D4F-4152-9ACD-6430BF441FCB}.Release|Any CPU.ActiveCfg = Release|Any CPU
		{709C9A8A-5D4F-4152-9ACD-6430BF441FCB}.Release|Any CPU.Build.0 = Release|Any CPU
	EndGlobalSection
	GlobalSection(SolutionProperties) = preSolution
		HideSolutionNode = FALSE
	EndGlobalSection
	GlobalSection(ExtensibilityGlobals) = postSolution
		SolutionGuid = {7D05CBF9-F606-4CBD-884D-DDC3FC555A69}
	EndGlobalSection
EndGlobal
